
Microsoft Visual Studio Solution File, Format Version 12.00
# Visual Studio Version 16
VisualStudioVersion = 16.0.30320.27
MinimumVisualStudioVersion = 10.0.40219.1
Project("{8BC9CEB8-8B4A-11D0-8D11-00A0C91BC942}") = "FSS", "FSS\FSS.vcxproj", "{B9020ADF-5417-46E7-B33C-5E9F75555DC5}"
EndProject
Global
	GlobalSection(SolutionConfigurationPlatforms) = preSolution
		Debug|x64 = Debug|x64
		Debug|x86 = Debug|x86
		Release|x64 = Release|x64
		Release|x86 = Release|x86
	EndGlobalSection
	GlobalSection(ProjectConfigurationPlatforms) = postSolution
		{B9020ADF-5417-46E7-B33C-5E9F75555DC5}.Debug|x64.ActiveCfg = Debug|x64
		{B9020ADF-5417-46E7-B33C-5E9F75555DC5}.Debug|x64.Build.0 = Debug|x64
		{B9020ADF-5417-46E7-B33C-5E9F75555DC5}.Debug|x86.ActiveCfg = Debug|Win32
		{B9020ADF-5417-46E7-B33C-5E9F75555DC5}.Debug|x86.Build.0 = Debug|Win32
		{B9020ADF-5417-46E7-B33C-5E9F75555DC5}.Release|x64.ActiveCfg = Release|x64
		{B9020ADF-5417-46E7-B33C-5E9F75555DC5}.Release|x64.Build.0 = Release|x64
		{B9020ADF-5417-46E7-B33C-5E9F75555DC5}.Release|x86.ActiveCfg = Release|Win32
		{B9020ADF-5417-46E7-B33C-5E9F75555DC5}.Release|x86.Build.0 = Release|Win32
	EndGlobalSection
	GlobalSection(SolutionProperties) = preSolution
		HideSolutionNode = FALSE
	EndGlobalSection
	GlobalSection(ExtensibilityGlobals) = postSolution
		SolutionGuid = {D88C0242-95CB-44CA-9FAA-A0F7C41CE32F}
	EndGlobalSection
EndGlobal
